
Microsoft Visual Studio Solution File, Format Version 12.00
# Visual Studio Version 17
VisualStudioVersion = 17.4.33403.182
MinimumVisualStudioVersion = 10.0.40219.1
Project("{FAE04EC0-301F-11D3-BF4B-00C04F79EFBC}") = "Aplikasi Kasir", "Aplikasi Kasir\Aplikasi Kasir.csproj", "{F9F19E1D-4D1C-470A-80A2-228640BADBCA}"
EndProject
Global
	GlobalSection(SolutionConfigurationPlatforms) = preSolution
		Debug|Any CPU = Debug|Any CPU
		Release|Any CPU = Release|Any CPU
	EndGlobalSection
	GlobalSection(ProjectConfigurationPlatforms) = postSolution
		{F9F19E1D-4D1C-470A-80A2-228640BADBCA}.Debug|Any CPU.ActiveCfg = Debug|Any CPU
		{F9F19E1D-4D1C-470A-80A2-228640BADBCA}.Debug|Any CPU.Build.0 = Debug|Any CPU
		{F9F19E1D-4D1C-470A-80A2-228640BADBCA}.Release|Any CPU.ActiveCfg = Release|Any CPU
		{F9F19E1D-4D1C-470A-80A2-228640BADBCA}.Release|Any CPU.Build.0 = Release|Any CPU
	EndGlobalSection
	GlobalSection(SolutionProperties) = preSolution
		HideSolutionNode = FALSE
	EndGlobalSection
	GlobalSection(ExtensibilityGlobals) = postSolution
		SolutionGuid = {F334A172-865A-44CE-98D4-53A42A4EB695}
	EndGlobalSection
EndGlobal
